
Microsoft Visual Studio Solution File, Format Version 12.00
# Visual Studio 15
VisualStudioVersion = 15.0.27130.2036
MinimumVisualStudioVersion = 10.0.40219.1
Project("{FAE04EC0-301F-11D3-BF4B-00C04F79EFBC}") = "API.REST_MFC", "API.REST_MFC\API.REST_MFC.csproj", "{9B96B85D-6B55-4978-B854-32FECE3B4C19}"
EndProject
Project("{FAE04EC0-301F-11D3-BF4B-00C04F79EFBC}") = "BusenessLogic", "BusenessLogic\BusenessLogic.csproj", "{6E63726F-219C-4D59-BEAA-71DD1C70089F}"
EndProject
Project("{FAE04EC0-301F-11D3-BF4B-00C04F79EFBC}") = "BusinessModel", "BusinessModel\BusinessModel.csproj", "{D4BC9304-92EA-48ED-A89A-4D232FEA0B4B}"
EndProject
Global
	GlobalSection(SolutionConfigurationPlatforms) = preSolution
		Debug|Any CPU = Debug|Any CPU
		Release|Any CPU = Release|Any CPU
	EndGlobalSection
	GlobalSection(ProjectConfigurationPlatforms) = postSolution
		{9B96B85D-6B55-4978-B854-32FECE3B4C19}.Debug|Any CPU.ActiveCfg = Debug|Any CPU
		{9B96B85D-6B55-4978-B854-32FECE3B4C19}.Debug|Any CPU.Build.0 = Debug|Any CPU
		{9B96B85D-6B55-4978-B854-32FECE3B4C19}.Release|Any CPU.ActiveCfg = Release|Any CPU
		{9B96B85D-6B55-4978-B854-32FECE3B4C19}.Release|Any CPU.Build.0 = Release|Any CPU
		{6E63726F-219C-4D59-BEAA-71DD1C70089F}.Debug|Any CPU.ActiveCfg = Debug|Any CPU
		{6E63726F-219C-4D59-BEAA-71DD1C70089F}.Debug|Any CPU.Build.0 = Debug|Any CPU
		{6E63726F-219C-4D59-BEAA-71DD1C70089F}.Release|Any CPU.ActiveCfg = Release|Any CPU
		{6E63726F-219C-4D59-BEAA-71DD1C70089F}.Release|Any CPU.Build.0 = Release|Any CPU
		{D4BC9304-92EA-48ED-A89A-4D232FEA0B4B}.Debug|Any CPU.ActiveCfg = Debug|Any CPU
		{D4BC9304-92EA-48ED-A89A-4D232FEA0B4B}.Debug|Any CPU.Build.0 = Debug|Any CPU
		{D4BC9304-92EA-48ED-A89A-4D232FEA0B4B}.Release|Any CPU.ActiveCfg = Release|Any CPU
		{D4BC9304-92EA-48ED-A89A-4D232FEA0B4B}.Release|Any CPU.Build.0 = Release|Any CPU
	EndGlobalSection
	GlobalSection(SolutionProperties) = preSolution
		HideSolutionNode = FALSE
	EndGlobalSection
	GlobalSection(ExtensibilityGlobals) = postSolution
		SolutionGuid = {D2C52517-1B54-4420-8DC1-43A00AA181CB}
	EndGlobalSection
EndGlobal
